{
  "nodes": {
    "home-manager": {
      "inputs": {
        "nixpkgs": [
          "nixpkgs"
        ],
        "utils": "utils"
      },
      "locked": {
        "lastModified": 1664286632,
        "narHash": "sha256-fKENvLanhmBENlIbmDAVB8SKSbwdLLBYKu6B7oJ0rLc=",
        "owner": "nix-community",
        "repo": "home-manager",
        "rev": "6dc8a43f397c92afbc3f771385ac803d96d5eeb5",
        "type": "github"
      },
      "original": {
        "owner": "nix-community",
        "repo": "home-manager",
        "type": "github"
      }
    },
    "nixpkgs": {
      "locked": {
        "lastModified": 1664195620,
        "narHash": "sha256-/0V1a1gAR+QbiQe4aCxBoivhkxss0xyt2mBD6yDrgjw=",
        "owner": "NixOS",
        "repo": "nixpkgs",
        "rev": "62228ccc672ed000f35b1e5c82e4183e46767e52",
        "type": "github"
      },
      "original": {
        "owner": "NixOS",
        "ref": "nixos-unstable",
        "repo": "nixpkgs",
        "type": "github"
      }
    },
    "nixpkgs-stable": {
      "locked": {
        "lastModified": 1664231666,
        "narHash": "sha256-5M/40aTCNC34lSPqZIS7zlldRa7n/yNKI1SrpSGAB34=",
        "owner": "NixOS",
        "repo": "nixpkgs",
        "rev": "82379884b2e9cf1ba65f5b14bbcb9d1438abb745",
        "type": "github"
      },
      "original": {
        "owner": "NixOS",
        "ref": "nixos-22.05",
        "repo": "nixpkgs",
        "type": "github"
      }
    },
    "nixpkgs-unstable": {
      "locked": {
        "lastModified": 1664195620,
        "narHash": "sha256-/0V1a1gAR+QbiQe4aCxBoivhkxss0xyt2mBD6yDrgjw=",
        "owner": "NixOS",
        "repo": "nixpkgs",
        "rev": "62228ccc672ed000f35b1e5c82e4183e46767e52",
        "type": "github"
      },
      "original": {
        "owner": "NixOS",
        "ref": "nixos-unstable",
        "repo": "nixpkgs",
        "type": "github"
      }
    },
    "nurpkgs": {
      "locked": {
        "lastModified": 1664301324,
        "narHash": "sha256-FSkwcweLSXMO+Cn5rX/YwnUkqtqtqUgR0KggFc9s1UI=",
        "owner": "nix-community",
        "repo": "NUR",
        "rev": "9530ba5ba6961d9f63f2db308e5c036ea5d54142",
        "type": "github"
      },
      "original": {
        "owner": "nix-community",
        "repo": "NUR",
        "type": "github"
      }
    },
    "root": {
      "inputs": {
        "home-manager": "home-manager",
        "nixpkgs": "nixpkgs",
        "nixpkgs-stable": "nixpkgs-stable",
        "nixpkgs-unstable": "nixpkgs-unstable",
        "nurpkgs": "nurpkgs"
      }
    },
    "utils": {
      "locked": {
        "lastModified": 1659877975,
        "narHash": "sha256-zllb8aq3YO3h8B/U0/J1WBgAL8EX5yWf5pMj3G0NAmc=",
        "owner": "numtide",
        "repo": "flake-utils",
        "rev": "c0e246b9b83f637f4681389ecabcb2681b4f3af0",
        "type": "github"
      },
      "original": {
        "owner": "numtide",
        "repo": "flake-utils",
        "type": "github"
      }
    }
  },
  "root": "root",
  "version": 7
}
